<?xml version="1.0" encoding="utf-8"?>
<Project ToolsVersion="4.0" xmlns="http://schemas.microsoft.com/developer/msbuild/2003">
  <ItemGroup>
    <Filter Include="client">
      <UniqueIdentifier>{4FC737F1-C7A5-4376-A066-2A32D752A2FF}</UniqueIdentifier>
      <Extensions>cpp;c;cc;cxx;c++;cppm;ixx;def;odl;idl;hpj;bat;asm;asmx</Extensions>
    </Filter>
  </ItemGroup>
  <ItemGroup>
    <ClInclude Include="DemoGame.h">
      <Filter>client</Filter>
    </ClInclude>
    <ClInclude Include="framework.h">
      <Filter>client</Filter>
    </ClInclude>
    <ClInclude Include="Game.h">
      <Filter>client</Filter>
    </ClInclude>
    <ClInclude Include="PlayScene.h">
      <Filter>client</Filter>
    </ClInclude>
    <ClInclude Include="Player.h" />
    <ClInclude Include="Bullet.h" />
  </ItemGroup>
  <ItemGroup>
    <ClCompile Include="Game.cpp">
      <Filter>client</Filter>
    </ClCompile>
    <ClCompile Include="DemoGame.cpp">
      <Filter>client</Filter>
    </ClCompile>
    <ClCompile Include="PlayScene.cpp">
      <Filter>client</Filter>
    </ClCompile>
    <ClCompile Include="Player.cpp">
      <Filter>client</Filter>
    </ClCompile>
    <ClCompile Include="Bullet.cpp">
      <Filter>client</Filter>
    </ClCompile>
  </ItemGroup>
</Project>